
Microsoft Visual Studio Solution File, Format Version 12.00
# Visual Studio Version 16
VisualStudioVersion = 16.0.29503.13
MinimumVisualStudioVersion = 10.0.40219.1
Project("{FAE04EC0-301F-11D3-BF4B-00C04F79EFBC}") = "CoreApp1", "CoreApp1\CoreApp1.csproj", "{D5FCA7AE-F7D2-4259-A200-A890F63D7C61}"
EndProject
Global
	GlobalSection(SolutionConfigurationPlatforms) = preSolution
		Debug|Any CPU = Debug|Any CPU
		Release|Any CPU = Release|Any CPU
	EndGlobalSection
	GlobalSection(ProjectConfigurationPlatforms) = postSolution
		{D5FCA7AE-F7D2-4259-A200-A890F63D7C61}.Debug|Any CPU.ActiveCfg = Debug|Any CPU
		{D5FCA7AE-F7D2-4259-A200-A890F63D7C61}.Debug|Any CPU.Build.0 = Debug|Any CPU
		{D5FCA7AE-F7D2-4259-A200-A890F63D7C61}.Release|Any CPU.ActiveCfg = Release|Any CPU
		{D5FCA7AE-F7D2-4259-A200-A890F63D7C61}.Release|Any CPU.Build.0 = Release|Any CPU
	EndGlobalSection
	GlobalSection(SolutionProperties) = preSolution
		HideSolutionNode = FALSE
	EndGlobalSection
	GlobalSection(ExtensibilityGlobals) = postSolution
		SolutionGuid = {ACD71AA1-85A6-40B2-8F64-B4B8E351465D}
	EndGlobalSection
EndGlobal
